
Microsoft Visual Studio Solution File, Format Version 11.00
# Visual Studio 2010
Project("{FAE04EC0-301F-11D3-BF4B-00C04F79EFBC}") = "Assembly-CSharp", "Assembly-CSharp.csproj", "{1950AC78-54AC-2658-1074-087D49C50B1D}"
EndProject
Project("{FAE04EC0-301F-11D3-BF4B-00C04F79EFBC}") = "Assembly-CSharp-firstpass", "Assembly-CSharp-firstpass.csproj", "{7951C939-1C23-8564-A32B-A257F020B076}"
EndProject
Global
	GlobalSection(SolutionConfigurationPlatforms) = preSolution
		Debug|Any CPU = Debug|Any CPU
		Release|Any CPU = Release|Any CPU
	EndGlobalSection
	GlobalSection(ProjectConfigurationPlatforms) = postSolution
		{1950AC78-54AC-2658-1074-087D49C50B1D}.Debug|Any CPU.ActiveCfg = Debug|Any CPU
		{1950AC78-54AC-2658-1074-087D49C50B1D}.Debug|Any CPU.Build.0 = Debug|Any CPU
		{1950AC78-54AC-2658-1074-087D49C50B1D}.Release|Any CPU.ActiveCfg = Release|Any CPU
		{1950AC78-54AC-2658-1074-087D49C50B1D}.Release|Any CPU.Build.0 = Release|Any CPU
		{7951C939-1C23-8564-A32B-A257F020B076}.Debug|Any CPU.ActiveCfg = Debug|Any CPU
		{7951C939-1C23-8564-A32B-A257F020B076}.Debug|Any CPU.Build.0 = Debug|Any CPU
		{7951C939-1C23-8564-A32B-A257F020B076}.Release|Any CPU.ActiveCfg = Release|Any CPU
		{7951C939-1C23-8564-A32B-A257F020B076}.Release|Any CPU.Build.0 = Release|Any CPU
	EndGlobalSection
	GlobalSection(SolutionProperties) = preSolution
		HideSolutionNode = FALSE
	EndGlobalSection
EndGlobal
