
Microsoft Visual Studio Solution File, Format Version 12.00
# Visual Studio Version 16
VisualStudioVersion = 16.0.32002.261
MinimumVisualStudioVersion = 10.0.40219.1
Project("{FAE04EC0-301F-11D3-BF4B-00C04F79EFBC}") = "Server", "Server\Server.csproj", "{FCBC86B6-0393-415C-BFF8-EB93952CAD9F}"
EndProject
Global
	GlobalSection(SolutionConfigurationPlatforms) = preSolution
		Debug|Any CPU = Debug|Any CPU
		Release|Any CPU = Release|Any CPU
	EndGlobalSection
	GlobalSection(ProjectConfigurationPlatforms) = postSolution
		{FCBC86B6-0393-415C-BFF8-EB93952CAD9F}.Debug|Any CPU.ActiveCfg = Debug|Any CPU
		{FCBC86B6-0393-415C-BFF8-EB93952CAD9F}.Debug|Any CPU.Build.0 = Debug|Any CPU
		{FCBC86B6-0393-415C-BFF8-EB93952CAD9F}.Release|Any CPU.ActiveCfg = Release|Any CPU
		{FCBC86B6-0393-415C-BFF8-EB93952CAD9F}.Release|Any CPU.Build.0 = Release|Any CPU
	EndGlobalSection
	GlobalSection(SolutionProperties) = preSolution
		HideSolutionNode = FALSE
	EndGlobalSection
	GlobalSection(ExtensibilityGlobals) = postSolution
		SolutionGuid = {1A58338D-5A31-4D23-92C5-CF2B7C4E09AD}
	EndGlobalSection
EndGlobal
